
Microsoft Visual Studio Solution File, Format Version 12.00
# Visual Studio 15
VisualStudioVersion = 15.0.27703.2000
MinimumVisualStudioVersion = 10.0.40219.1
Project("{FAE04EC0-301F-11D3-BF4B-00C04F79EFBC}") = "Simple E Commerce", "Simple E Commerce\Simple E Commerce.csproj", "{833482C2-EBA5-4603-8732-8F6815D8C4E6}"
EndProject
Project("{FAE04EC0-301F-11D3-BF4B-00C04F79EFBC}") = "OrderLibrary", "OrderLibrary\OrderLibrary.csproj", "{FBA2FDFA-E119-45DA-B6AC-89E2C12DC1B8}"
EndProject
Global
	GlobalSection(SolutionConfigurationPlatforms) = preSolution
		Debug|Any CPU = Debug|Any CPU
		Release|Any CPU = Release|Any CPU
	EndGlobalSection
	GlobalSection(ProjectConfigurationPlatforms) = postSolution
		{833482C2-EBA5-4603-8732-8F6815D8C4E6}.Debug|Any CPU.ActiveCfg = Debug|Any CPU
		{833482C2-EBA5-4603-8732-8F6815D8C4E6}.Debug|Any CPU.Build.0 = Debug|Any CPU
		{833482C2-EBA5-4603-8732-8F6815D8C4E6}.Release|Any CPU.ActiveCfg = Release|Any CPU
		{833482C2-EBA5-4603-8732-8F6815D8C4E6}.Release|Any CPU.Build.0 = Release|Any CPU
		{FBA2FDFA-E119-45DA-B6AC-89E2C12DC1B8}.Debug|Any CPU.ActiveCfg = Debug|Any CPU
		{FBA2FDFA-E119-45DA-B6AC-89E2C12DC1B8}.Debug|Any CPU.Build.0 = Debug|Any CPU
		{FBA2FDFA-E119-45DA-B6AC-89E2C12DC1B8}.Release|Any CPU.ActiveCfg = Release|Any CPU
		{FBA2FDFA-E119-45DA-B6AC-89E2C12DC1B8}.Release|Any CPU.Build.0 = Release|Any CPU
	EndGlobalSection
	GlobalSection(SolutionProperties) = preSolution
		HideSolutionNode = FALSE
	EndGlobalSection
	GlobalSection(ExtensibilityGlobals) = postSolution
		SolutionGuid = {FF590B3A-EC42-40DF-B64B-269F436EC503}
	EndGlobalSection
EndGlobal
